
Microsoft Visual Studio Solution File, Format Version 12.00
# Visual Studio Version 17
VisualStudioVersion = 17.8.34330.188
MinimumVisualStudioVersion = 10.0.40219.1
Project("{FAE04EC0-301F-11D3-BF4B-00C04F79EFBC}") = "GalaxyExpress.API", "GalaxyExpress.API\GalaxyExpress.API.csproj", "{3185BB1F-4C9A-476E-A3DB-6EA745B108DC}"
EndProject
Project("{FAE04EC0-301F-11D3-BF4B-00C04F79EFBC}") = "GalaxyExpress.BLL", "GalaxyExpress.BLL\GalaxyExpress.BLL.csproj", "{200EF997-C0CA-4BB1-9EFE-FF37785CB0AA}"
EndProject
Project("{FAE04EC0-301F-11D3-BF4B-00C04F79EFBC}") = "GalaxyExpress.DAL", "GalaxyExpress.DAL\GalaxyExpress.DAL.csproj", "{67C3D78F-CC61-47F4-AABE-4C94C9DB8068}"
EndProject
Global
	GlobalSection(SolutionConfigurationPlatforms) = preSolution
		Debug|Any CPU = Debug|Any CPU
		Release|Any CPU = Release|Any CPU
	EndGlobalSection
	GlobalSection(ProjectConfigurationPlatforms) = postSolution
		{3185BB1F-4C9A-476E-A3DB-6EA745B108DC}.Debug|Any CPU.ActiveCfg = Debug|Any CPU
		{3185BB1F-4C9A-476E-A3DB-6EA745B108DC}.Debug|Any CPU.Build.0 = Debug|Any CPU
		{3185BB1F-4C9A-476E-A3DB-6EA745B108DC}.Release|Any CPU.ActiveCfg = Release|Any CPU
		{3185BB1F-4C9A-476E-A3DB-6EA745B108DC}.Release|Any CPU.Build.0 = Release|Any CPU
		{200EF997-C0CA-4BB1-9EFE-FF37785CB0AA}.Debug|Any CPU.ActiveCfg = Debug|Any CPU
		{200EF997-C0CA-4BB1-9EFE-FF37785CB0AA}.Debug|Any CPU.Build.0 = Debug|Any CPU
		{200EF997-C0CA-4BB1-9EFE-FF37785CB0AA}.Release|Any CPU.ActiveCfg = Release|Any CPU
		{200EF997-C0CA-4BB1-9EFE-FF37785CB0AA}.Release|Any CPU.Build.0 = Release|Any CPU
		{67C3D78F-CC61-47F4-AABE-4C94C9DB8068}.Debug|Any CPU.ActiveCfg = Debug|Any CPU
		{67C3D78F-CC61-47F4-AABE-4C94C9DB8068}.Debug|Any CPU.Build.0 = Debug|Any CPU
		{67C3D78F-CC61-47F4-AABE-4C94C9DB8068}.Release|Any CPU.ActiveCfg = Release|Any CPU
		{67C3D78F-CC61-47F4-AABE-4C94C9DB8068}.Release|Any CPU.Build.0 = Release|Any CPU
	EndGlobalSection
	GlobalSection(SolutionProperties) = preSolution
		HideSolutionNode = FALSE
	EndGlobalSection
	GlobalSection(ExtensibilityGlobals) = postSolution
		SolutionGuid = {38B99AD8-DB30-40BE-9836-F16215D67952}
	EndGlobalSection
EndGlobal
